
Microsoft Visual Studio Solution File, Format Version 12.00
# Visual Studio Version 17
VisualStudioVersion = 17.4.33213.308
MinimumVisualStudioVersion = 10.0.40219.1
Project("{FAE04EC0-301F-11D3-BF4B-00C04F79EFBC}") = "Session-05", "Session-05\Session-05.csproj", "{6422BE01-5B18-40B9-9A31-FDB72A2CA195}"
EndProject
Global
	GlobalSection(SolutionConfigurationPlatforms) = preSolution
		Debug|Any CPU = Debug|Any CPU
		Release|Any CPU = Release|Any CPU
	EndGlobalSection
	GlobalSection(ProjectConfigurationPlatforms) = postSolution
		{6422BE01-5B18-40B9-9A31-FDB72A2CA195}.Debug|Any CPU.ActiveCfg = Debug|Any CPU
		{6422BE01-5B18-40B9-9A31-FDB72A2CA195}.Debug|Any CPU.Build.0 = Debug|Any CPU
		{6422BE01-5B18-40B9-9A31-FDB72A2CA195}.Release|Any CPU.ActiveCfg = Release|Any CPU
		{6422BE01-5B18-40B9-9A31-FDB72A2CA195}.Release|Any CPU.Build.0 = Release|Any CPU
	EndGlobalSection
	GlobalSection(SolutionProperties) = preSolution
		HideSolutionNode = FALSE
	EndGlobalSection
	GlobalSection(ExtensibilityGlobals) = postSolution
		SolutionGuid = {119EB0AF-DC3E-40B4-8FA4-D0171DA34203}
	EndGlobalSection
EndGlobal
