
Microsoft Visual Studio Solution File, Format Version 12.00
# Visual Studio Version 17
VisualStudioVersion = 17.4.33205.214
MinimumVisualStudioVersion = 10.0.40219.1
Project("{9A19103F-16F7-4668-BE54-9A1E7A4F7556}") = "EF.CoffeeShop.Win", "Session-11\EF.CoffeeShop.Win.csproj", "{1BBFE489-8329-4257-BE2D-8AC72C7D2F34}"
	ProjectSection(ProjectDependencies) = postProject
		{F2FFA6D6-0BD2-4479-A724-8A66E4363823} = {F2FFA6D6-0BD2-4479-A724-8A66E4363823}
	EndProjectSection
EndProject
Project("{9A19103F-16F7-4668-BE54-9A1E7A4F7556}") = "EF.CoffeeShop.Model", "Libs\EF.CoffeeShop.Model.csproj", "{82C4111B-035F-48E3-8259-30A38C0184B4}"
EndProject
Project("{9A19103F-16F7-4668-BE54-9A1E7A4F7556}") = "EF.CoffeeShop.Orm", "EF.CoffeeShop.Orm\EF.CoffeeShop.Orm.csproj", "{F2FFA6D6-0BD2-4479-A724-8A66E4363823}"
EndProject
Global
	GlobalSection(SolutionConfigurationPlatforms) = preSolution
		Debug|Any CPU = Debug|Any CPU
		Release|Any CPU = Release|Any CPU
	EndGlobalSection
	GlobalSection(ProjectConfigurationPlatforms) = postSolution
		{1BBFE489-8329-4257-BE2D-8AC72C7D2F34}.Debug|Any CPU.ActiveCfg = Debug|Any CPU
		{1BBFE489-8329-4257-BE2D-8AC72C7D2F34}.Debug|Any CPU.Build.0 = Debug|Any CPU
		{1BBFE489-8329-4257-BE2D-8AC72C7D2F34}.Release|Any CPU.ActiveCfg = Release|Any CPU
		{1BBFE489-8329-4257-BE2D-8AC72C7D2F34}.Release|Any CPU.Build.0 = Release|Any CPU
		{82C4111B-035F-48E3-8259-30A38C0184B4}.Debug|Any CPU.ActiveCfg = Debug|Any CPU
		{82C4111B-035F-48E3-8259-30A38C0184B4}.Debug|Any CPU.Build.0 = Debug|Any CPU
		{82C4111B-035F-48E3-8259-30A38C0184B4}.Release|Any CPU.ActiveCfg = Release|Any CPU
		{82C4111B-035F-48E3-8259-30A38C0184B4}.Release|Any CPU.Build.0 = Release|Any CPU
		{F2FFA6D6-0BD2-4479-A724-8A66E4363823}.Debug|Any CPU.ActiveCfg = Debug|Any CPU
		{F2FFA6D6-0BD2-4479-A724-8A66E4363823}.Debug|Any CPU.Build.0 = Debug|Any CPU
		{F2FFA6D6-0BD2-4479-A724-8A66E4363823}.Release|Any CPU.ActiveCfg = Release|Any CPU
		{F2FFA6D6-0BD2-4479-A724-8A66E4363823}.Release|Any CPU.Build.0 = Release|Any CPU
	EndGlobalSection
	GlobalSection(SolutionProperties) = preSolution
		HideSolutionNode = FALSE
	EndGlobalSection
	GlobalSection(ExtensibilityGlobals) = postSolution
		SolutionGuid = {7E309646-1B92-4F35-8097-A890FFF1901A}
	EndGlobalSection
EndGlobal
