
Microsoft Visual Studio Solution File, Format Version 12.00
# Visual Studio Version 17
VisualStudioVersion = 17.5.33318.248
MinimumVisualStudioVersion = 10.0.40219.1
Project("{FAE04EC0-301F-11D3-BF4B-00C04F79EFBC}") = "EF.CoffeeShop.Win", "Session-16\EF.CoffeeShop.Win.csproj", "{52B909B3-66E4-4D2F-A904-0044C7FABE3A}"
	ProjectSection(ProjectDependencies) = postProject
		{AE084C5B-B845-4C76-ABE7-2162389E0A19} = {AE084C5B-B845-4C76-ABE7-2162389E0A19}
		{C338D1F6-D230-425B-8520-159EFEF7412E} = {C338D1F6-D230-425B-8520-159EFEF7412E}
	EndProjectSection
EndProject
Project("{FAE04EC0-301F-11D3-BF4B-00C04F79EFBC}") = "EF.CoffeeShop.Model", "EF.CoffeeShop.Model\EF.CoffeeShop.Model.csproj", "{C338D1F6-D230-425B-8520-159EFEF7412E}"
EndProject
Project("{FAE04EC0-301F-11D3-BF4B-00C04F79EFBC}") = "EF.CoffeeShop.Orm", "EF.CoffeeShop.Orm\EF.CoffeeShop.Orm.csproj", "{AE084C5B-B845-4C76-ABE7-2162389E0A19}"
EndProject
Global
	GlobalSection(SolutionConfigurationPlatforms) = preSolution
		Debug|Any CPU = Debug|Any CPU
		Release|Any CPU = Release|Any CPU
	EndGlobalSection
	GlobalSection(ProjectConfigurationPlatforms) = postSolution
		{52B909B3-66E4-4D2F-A904-0044C7FABE3A}.Debug|Any CPU.ActiveCfg = Debug|Any CPU
		{52B909B3-66E4-4D2F-A904-0044C7FABE3A}.Debug|Any CPU.Build.0 = Debug|Any CPU
		{52B909B3-66E4-4D2F-A904-0044C7FABE3A}.Release|Any CPU.ActiveCfg = Release|Any CPU
		{52B909B3-66E4-4D2F-A904-0044C7FABE3A}.Release|Any CPU.Build.0 = Release|Any CPU
		{C338D1F6-D230-425B-8520-159EFEF7412E}.Debug|Any CPU.ActiveCfg = Debug|Any CPU
		{C338D1F6-D230-425B-8520-159EFEF7412E}.Debug|Any CPU.Build.0 = Debug|Any CPU
		{C338D1F6-D230-425B-8520-159EFEF7412E}.Release|Any CPU.ActiveCfg = Release|Any CPU
		{C338D1F6-D230-425B-8520-159EFEF7412E}.Release|Any CPU.Build.0 = Release|Any CPU
		{AE084C5B-B845-4C76-ABE7-2162389E0A19}.Debug|Any CPU.ActiveCfg = Debug|Any CPU
		{AE084C5B-B845-4C76-ABE7-2162389E0A19}.Debug|Any CPU.Build.0 = Debug|Any CPU
		{AE084C5B-B845-4C76-ABE7-2162389E0A19}.Release|Any CPU.ActiveCfg = Release|Any CPU
		{AE084C5B-B845-4C76-ABE7-2162389E0A19}.Release|Any CPU.Build.0 = Release|Any CPU
	EndGlobalSection
	GlobalSection(SolutionProperties) = preSolution
		HideSolutionNode = FALSE
	EndGlobalSection
	GlobalSection(ExtensibilityGlobals) = postSolution
		SolutionGuid = {E39558A4-B5B2-4560-AE3C-176FF5A04B83}
	EndGlobalSection
EndGlobal
