
Microsoft Visual Studio Solution File, Format Version 12.00
# Visual Studio Version 17
VisualStudioVersion = 17.4.33403.182
MinimumVisualStudioVersion = 10.0.40219.1
Project("{9A19103F-16F7-4668-BE54-9A1E7A4F7556}") = "GZFuel.Model", "GZFuel.Model\GZFuel.Model.csproj", "{6A094DE8-B19A-43B4-B605-C511AC3D9053}"
EndProject
Project("{9A19103F-16F7-4668-BE54-9A1E7A4F7556}") = "GZFuel.EF", "GZFuel.EF\GZFuel.EF.csproj", "{E4766478-29FD-4C14-8B35-E696B6AAB8EA}"
EndProject
Project("{FAE04EC0-301F-11D3-BF4B-00C04F79EFBC}") = "GZFuel.Win", "GZFuel.Win\GZFuel.Win.csproj", "{2AEDED56-3E13-49CF-BD50-B936A98330D3}"
EndProject
Global
	GlobalSection(SolutionConfigurationPlatforms) = preSolution
		Debug|Any CPU = Debug|Any CPU
		Release|Any CPU = Release|Any CPU
	EndGlobalSection
	GlobalSection(ProjectConfigurationPlatforms) = postSolution
		{6A094DE8-B19A-43B4-B605-C511AC3D9053}.Debug|Any CPU.ActiveCfg = Debug|Any CPU
		{6A094DE8-B19A-43B4-B605-C511AC3D9053}.Debug|Any CPU.Build.0 = Debug|Any CPU
		{6A094DE8-B19A-43B4-B605-C511AC3D9053}.Release|Any CPU.ActiveCfg = Release|Any CPU
		{6A094DE8-B19A-43B4-B605-C511AC3D9053}.Release|Any CPU.Build.0 = Release|Any CPU
		{E4766478-29FD-4C14-8B35-E696B6AAB8EA}.Debug|Any CPU.ActiveCfg = Debug|Any CPU
		{E4766478-29FD-4C14-8B35-E696B6AAB8EA}.Debug|Any CPU.Build.0 = Debug|Any CPU
		{E4766478-29FD-4C14-8B35-E696B6AAB8EA}.Release|Any CPU.ActiveCfg = Release|Any CPU
		{E4766478-29FD-4C14-8B35-E696B6AAB8EA}.Release|Any CPU.Build.0 = Release|Any CPU
		{2AEDED56-3E13-49CF-BD50-B936A98330D3}.Debug|Any CPU.ActiveCfg = Debug|Any CPU
		{2AEDED56-3E13-49CF-BD50-B936A98330D3}.Debug|Any CPU.Build.0 = Debug|Any CPU
		{2AEDED56-3E13-49CF-BD50-B936A98330D3}.Release|Any CPU.ActiveCfg = Release|Any CPU
		{2AEDED56-3E13-49CF-BD50-B936A98330D3}.Release|Any CPU.Build.0 = Release|Any CPU
	EndGlobalSection
	GlobalSection(SolutionProperties) = preSolution
		HideSolutionNode = FALSE
	EndGlobalSection
	GlobalSection(ExtensibilityGlobals) = postSolution
		SolutionGuid = {72D1B736-0873-4773-8AF1-C8BA68D9229F}
	EndGlobalSection
EndGlobal
